
Microsoft Visual Studio Solution File, Format Version 12.00
# Visual Studio Version 17
VisualStudioVersion = 17.4.33122.133
MinimumVisualStudioVersion = 10.0.40219.1
Project("{9A19103F-16F7-4668-BE54-9A1E7A4F7556}") = "AuthenticationForm.Core", "AuthenticationForm.Core\AuthenticationForm.Core.csproj", "{1C4CF057-9AD0-4E7E-9157-33FBD6893F1E}"
EndProject
Project("{9A19103F-16F7-4668-BE54-9A1E7A4F7556}") = "AuthenticationForm.Host", "AuthenticationForm.Host\AuthenticationForm.Host.csproj", "{2A69DE6C-F647-487A-A118-74DBD61014C0}"
EndProject
Project("{9A19103F-16F7-4668-BE54-9A1E7A4F7556}") = "AuthentificationForm.BusinessLogic", "AuthentificationForm.BusinessLogic\AuthentificationForm.BusinessLogic.csproj", "{DD1331C1-BA3F-45B9-BEE5-6DF5581A434C}"
EndProject
Project("{9A19103F-16F7-4668-BE54-9A1E7A4F7556}") = "AuthentificationForm.DataAccess", "AuthentificationForm.DataAccess\AuthentificationForm.DataAccess.csproj", "{69BA9E4A-3BB5-4962-83C1-7776C6845C75}"
EndProject
Global
	GlobalSection(SolutionConfigurationPlatforms) = preSolution
		Debug|Any CPU = Debug|Any CPU
		Release|Any CPU = Release|Any CPU
	EndGlobalSection
	GlobalSection(ProjectConfigurationPlatforms) = postSolution
		{1C4CF057-9AD0-4E7E-9157-33FBD6893F1E}.Debug|Any CPU.ActiveCfg = Debug|Any CPU
		{1C4CF057-9AD0-4E7E-9157-33FBD6893F1E}.Debug|Any CPU.Build.0 = Debug|Any CPU
		{1C4CF057-9AD0-4E7E-9157-33FBD6893F1E}.Release|Any CPU.ActiveCfg = Release|Any CPU
		{1C4CF057-9AD0-4E7E-9157-33FBD6893F1E}.Release|Any CPU.Build.0 = Release|Any CPU
		{2A69DE6C-F647-487A-A118-74DBD61014C0}.Debug|Any CPU.ActiveCfg = Debug|Any CPU
		{2A69DE6C-F647-487A-A118-74DBD61014C0}.Debug|Any CPU.Build.0 = Debug|Any CPU
		{2A69DE6C-F647-487A-A118-74DBD61014C0}.Release|Any CPU.ActiveCfg = Release|Any CPU
		{2A69DE6C-F647-487A-A118-74DBD61014C0}.Release|Any CPU.Build.0 = Release|Any CPU
		{DD1331C1-BA3F-45B9-BEE5-6DF5581A434C}.Debug|Any CPU.ActiveCfg = Debug|Any CPU
		{DD1331C1-BA3F-45B9-BEE5-6DF5581A434C}.Debug|Any CPU.Build.0 = Debug|Any CPU
		{DD1331C1-BA3F-45B9-BEE5-6DF5581A434C}.Release|Any CPU.ActiveCfg = Release|Any CPU
		{DD1331C1-BA3F-45B9-BEE5-6DF5581A434C}.Release|Any CPU.Build.0 = Release|Any CPU
		{69BA9E4A-3BB5-4962-83C1-7776C6845C75}.Debug|Any CPU.ActiveCfg = Debug|Any CPU
		{69BA9E4A-3BB5-4962-83C1-7776C6845C75}.Debug|Any CPU.Build.0 = Debug|Any CPU
		{69BA9E4A-3BB5-4962-83C1-7776C6845C75}.Release|Any CPU.ActiveCfg = Release|Any CPU
		{69BA9E4A-3BB5-4962-83C1-7776C6845C75}.Release|Any CPU.Build.0 = Release|Any CPU
	EndGlobalSection
	GlobalSection(SolutionProperties) = preSolution
		HideSolutionNode = FALSE
	EndGlobalSection
	GlobalSection(ExtensibilityGlobals) = postSolution
		SolutionGuid = {AC159574-9D03-4877-8621-302DF1B6BEC8}
	EndGlobalSection
EndGlobal
